{
  "requires": true,
  "lockfileVersion": 1,
  "dependencies": {
    "ss3_hwang": {
      "version": "0.0.1",
      "resolved": "https://registry.npmjs.org/ss3_hwang/-/ss3_hwang-0.0.1.tgz",
      "integrity": "sha512-jkcXxcCMyfXSbk0QRYYnkZyBinedYG2Bf6cp9rWZ8HyFF1Y4uCoj/HawwA6Aux6Jh6KjOPA4eYf61OIr/qTnXw=="
    }
  }
}
